
Microsoft Visual Studio Solution File, Format Version 12.00
# Visual Studio Version 16
VisualStudioVersion = 16.0.31613.86
MinimumVisualStudioVersion = 10.0.40219.1
Project("{FAE04EC0-301F-11D3-BF4B-00C04F79EFBC}") = "InClasslesson1", "InClasslesson1.csproj", "{8A8F9E98-4BA3-4A41-8577-7468F352B776}"
EndProject
Project("{2150E333-8FDC-42A3-9474-1A3956D46DE8}") = "Serv", "Serv", "{01AA6A0D-2681-4D70-8500-AF0454C73290}"
EndProject
Global
	GlobalSection(SolutionConfigurationPlatforms) = preSolution
		Debug|Any CPU = Debug|Any CPU
		Release|Any CPU = Release|Any CPU
	EndGlobalSection
	GlobalSection(ProjectConfigurationPlatforms) = postSolution
		{8A8F9E98-4BA3-4A41-8577-7468F352B776}.Debug|Any CPU.ActiveCfg = Debug|Any CPU
		{8A8F9E98-4BA3-4A41-8577-7468F352B776}.Debug|Any CPU.Build.0 = Debug|Any CPU
		{8A8F9E98-4BA3-4A41-8577-7468F352B776}.Release|Any CPU.ActiveCfg = Release|Any CPU
		{8A8F9E98-4BA3-4A41-8577-7468F352B776}.Release|Any CPU.Build.0 = Release|Any CPU
	EndGlobalSection
	GlobalSection(SolutionProperties) = preSolution
		HideSolutionNode = FALSE
	EndGlobalSection
	GlobalSection(ExtensibilityGlobals) = postSolution
		SolutionGuid = {8F4726A5-E889-4F45-A993-58F633CC6523}
	EndGlobalSection
EndGlobal
